
Microsoft Visual Studio Solution File, Format Version 12.00
# Visual Studio Version 17
VisualStudioVersion = 17.8.34004.107
MinimumVisualStudioVersion = 10.0.40219.1
Project("{9A19103F-16F7-4668-BE54-9A1E7A4F7556}") = "Addin", "Addin\Addin.csproj", "{096A5FA7-1EA3-4F7A-BFCB-E8D3F7BD0104}"
EndProject
Project("{2150E333-8FDC-42A3-9474-1A3956D46DE8}") = "Solution Items", "Solution Items", "{34157481-E2CA-4156-BA98-01E2F6DB9C1D}"
	ProjectSection(SolutionItems) = preProject
		.gitattributes = .gitattributes
		.gitignore = .gitignore
		LICENSE.txt = LICENSE.txt
		README.md = README.md
		TestSheet.xlsx = TestSheet.xlsx
	EndProjectSection
EndProject
Project("{8BC9CEB8-8B4A-11D0-8D11-00A0C91BC942}") = "UnmanagedCaller", "UnmanagedCaller\UnmanagedCaller.vcxproj", "{734AA56C-F190-4795-8110-2F49135EEC0F}"
EndProject
Project("{9A19103F-16F7-4668-BE54-9A1E7A4F7556}") = "ManagedCaller", "ManagedCaller\ManagedCaller.csproj", "{05AC5783-630B-464B-A07E-221F70A3871F}"
EndProject
Project("{8BC9CEB8-8B4A-11D0-8D11-00A0C91BC942}") = "ExcelNativeDebugger", "ExcelNativeDebugger\ExcelNativeDebugger.vcxproj", "{7344053D-8927-4E83-9DBE-920B66F85F05}"
	ProjectSection(ProjectDependencies) = postProject
		{096A5FA7-1EA3-4F7A-BFCB-E8D3F7BD0104} = {096A5FA7-1EA3-4F7A-BFCB-E8D3F7BD0104}
	EndProjectSection
EndProject
Global
	GlobalSection(SolutionConfigurationPlatforms) = preSolution
		Debug|Any CPU = Debug|Any CPU
		Debug|x64 = Debug|x64
		Debug|x86 = Debug|x86
		Release|Any CPU = Release|Any CPU
		Release|x64 = Release|x64
		Release|x86 = Release|x86
	EndGlobalSection
	GlobalSection(ProjectConfigurationPlatforms) = postSolution
		{096A5FA7-1EA3-4F7A-BFCB-E8D3F7BD0104}.Debug|Any CPU.ActiveCfg = Debug|Any CPU
		{096A5FA7-1EA3-4F7A-BFCB-E8D3F7BD0104}.Debug|Any CPU.Build.0 = Debug|Any CPU
		{096A5FA7-1EA3-4F7A-BFCB-E8D3F7BD0104}.Debug|x64.ActiveCfg = Debug|Any CPU
		{096A5FA7-1EA3-4F7A-BFCB-E8D3F7BD0104}.Debug|x64.Build.0 = Debug|Any CPU
		{096A5FA7-1EA3-4F7A-BFCB-E8D3F7BD0104}.Debug|x86.ActiveCfg = Debug|Any CPU
		{096A5FA7-1EA3-4F7A-BFCB-E8D3F7BD0104}.Debug|x86.Build.0 = Debug|Any CPU
		{096A5FA7-1EA3-4F7A-BFCB-E8D3F7BD0104}.Release|Any CPU.ActiveCfg = Release|Any CPU
		{096A5FA7-1EA3-4F7A-BFCB-E8D3F7BD0104}.Release|Any CPU.Build.0 = Release|Any CPU
		{096A5FA7-1EA3-4F7A-BFCB-E8D3F7BD0104}.Release|x64.ActiveCfg = Release|Any CPU
		{096A5FA7-1EA3-4F7A-BFCB-E8D3F7BD0104}.Release|x64.Build.0 = Release|Any CPU
		{096A5FA7-1EA3-4F7A-BFCB-E8D3F7BD0104}.Release|x86.ActiveCfg = Release|Any CPU
		{096A5FA7-1EA3-4F7A-BFCB-E8D3F7BD0104}.Release|x86.Build.0 = Release|Any CPU
		{734AA56C-F190-4795-8110-2F49135EEC0F}.Debug|Any CPU.ActiveCfg = Debug|x64
		{734AA56C-F190-4795-8110-2F49135EEC0F}.Debug|Any CPU.Build.0 = Debug|x64
		{734AA56C-F190-4795-8110-2F49135EEC0F}.Debug|x64.ActiveCfg = Debug|x64
		{734AA56C-F190-4795-8110-2F49135EEC0F}.Debug|x64.Build.0 = Debug|x64
		{734AA56C-F190-4795-8110-2F49135EEC0F}.Debug|x86.ActiveCfg = Debug|Win32
		{734AA56C-F190-4795-8110-2F49135EEC0F}.Debug|x86.Build.0 = Debug|Win32
		{734AA56C-F190-4795-8110-2F49135EEC0F}.Release|Any CPU.ActiveCfg = Release|x64
		{734AA56C-F190-4795-8110-2F49135EEC0F}.Release|Any CPU.Build.0 = Release|x64
		{734AA56C-F190-4795-8110-2F49135EEC0F}.Release|x64.ActiveCfg = Release|x64
		{734AA56C-F190-4795-8110-2F49135EEC0F}.Release|x64.Build.0 = Release|x64
		{734AA56C-F190-4795-8110-2F49135EEC0F}.Release|x86.ActiveCfg = Release|Win32
		{734AA56C-F190-4795-8110-2F49135EEC0F}.Release|x86.Build.0 = Release|Win32
		{05AC5783-630B-464B-A07E-221F70A3871F}.Debug|Any CPU.ActiveCfg = Debug|Any CPU
		{05AC5783-630B-464B-A07E-221F70A3871F}.Debug|Any CPU.Build.0 = Debug|Any CPU
		{05AC5783-630B-464B-A07E-221F70A3871F}.Debug|x64.ActiveCfg = Debug|Any CPU
		{05AC5783-630B-464B-A07E-221F70A3871F}.Debug|x64.Build.0 = Debug|Any CPU
		{05AC5783-630B-464B-A07E-221F70A3871F}.Debug|x86.ActiveCfg = Debug|Any CPU
		{05AC5783-630B-464B-A07E-221F70A3871F}.Debug|x86.Build.0 = Debug|Any CPU
		{05AC5783-630B-464B-A07E-221F70A3871F}.Release|Any CPU.ActiveCfg = Release|Any CPU
		{05AC5783-630B-464B-A07E-221F70A3871F}.Release|Any CPU.Build.0 = Release|Any CPU
		{05AC5783-630B-464B-A07E-221F70A3871F}.Release|x64.ActiveCfg = Release|Any CPU
		{05AC5783-630B-464B-A07E-221F70A3871F}.Release|x64.Build.0 = Release|Any CPU
		{05AC5783-630B-464B-A07E-221F70A3871F}.Release|x86.ActiveCfg = Release|Any CPU
		{05AC5783-630B-464B-A07E-221F70A3871F}.Release|x86.Build.0 = Release|Any CPU
		{7344053D-8927-4E83-9DBE-920B66F85F05}.Debug|Any CPU.ActiveCfg = Debug|x64
		{7344053D-8927-4E83-9DBE-920B66F85F05}.Debug|Any CPU.Build.0 = Debug|x64
		{7344053D-8927-4E83-9DBE-920B66F85F05}.Debug|x64.ActiveCfg = Debug|x64
		{7344053D-8927-4E83-9DBE-920B66F85F05}.Debug|x64.Build.0 = Debug|x64
		{7344053D-8927-4E83-9DBE-920B66F85F05}.Debug|x86.ActiveCfg = Debug|Win32
		{7344053D-8927-4E83-9DBE-920B66F85F05}.Debug|x86.Build.0 = Debug|Win32
		{7344053D-8927-4E83-9DBE-920B66F85F05}.Release|Any CPU.ActiveCfg = Release|x64
		{7344053D-8927-4E83-9DBE-920B66F85F05}.Release|Any CPU.Build.0 = Release|x64
		{7344053D-8927-4E83-9DBE-920B66F85F05}.Release|x64.ActiveCfg = Release|x64
		{7344053D-8927-4E83-9DBE-920B66F85F05}.Release|x64.Build.0 = Release|x64
		{7344053D-8927-4E83-9DBE-920B66F85F05}.Release|x86.ActiveCfg = Release|Win32
		{7344053D-8927-4E83-9DBE-920B66F85F05}.Release|x86.Build.0 = Release|Win32
	EndGlobalSection
	GlobalSection(SolutionProperties) = preSolution
		HideSolutionNode = FALSE
	EndGlobalSection
	GlobalSection(ExtensibilityGlobals) = postSolution
		SolutionGuid = {8600C106-6122-499D-BEDF-E2BF10B263C5}
	EndGlobalSection
EndGlobal
